
Microsoft Visual Studio Solution File, Format Version 12.00
# Visual Studio Version 16
VisualStudioVersion = 16.0.30503.244
MinimumVisualStudioVersion = 10.0.40219.1
Project("{FAE04EC0-301F-11D3-BF4B-00C04F79EFBC}") = "CaptchaBot", "CaptchaBot\CaptchaBot.csproj", "{552DD3D3-694B-46D0-944A-65EA15B317CE}"
EndProject
Project("{FAE04EC0-301F-11D3-BF4B-00C04F79EFBC}") = "DreadBot", "..\..\DreadBot\source\DreadBot.csproj", "{8513AAAB-322A-404B-BDA6-4F58A2E4129F}"
EndProject
Global
	GlobalSection(SolutionConfigurationPlatforms) = preSolution
		Debug|Any CPU = Debug|Any CPU
		Debug|x64 = Debug|x64
		Release|Any CPU = Release|Any CPU
		Release|x64 = Release|x64
		x64|Any CPU = x64|Any CPU
		x64|x64 = x64|x64
	EndGlobalSection
	GlobalSection(ProjectConfigurationPlatforms) = postSolution
		{552DD3D3-694B-46D0-944A-65EA15B317CE}.Debug|Any CPU.ActiveCfg = Debug|Any CPU
		{552DD3D3-694B-46D0-944A-65EA15B317CE}.Debug|Any CPU.Build.0 = Debug|Any CPU
		{552DD3D3-694B-46D0-944A-65EA15B317CE}.Debug|x64.ActiveCfg = Debug|Any CPU
		{552DD3D3-694B-46D0-944A-65EA15B317CE}.Debug|x64.Build.0 = Debug|Any CPU
		{552DD3D3-694B-46D0-944A-65EA15B317CE}.Release|Any CPU.ActiveCfg = Release|Any CPU
		{552DD3D3-694B-46D0-944A-65EA15B317CE}.Release|Any CPU.Build.0 = Release|Any CPU
		{552DD3D3-694B-46D0-944A-65EA15B317CE}.Release|x64.ActiveCfg = Release|Any CPU
		{552DD3D3-694B-46D0-944A-65EA15B317CE}.Release|x64.Build.0 = Release|Any CPU
		{552DD3D3-694B-46D0-944A-65EA15B317CE}.x64|Any CPU.ActiveCfg = Debug|Any CPU
		{552DD3D3-694B-46D0-944A-65EA15B317CE}.x64|Any CPU.Build.0 = Debug|Any CPU
		{552DD3D3-694B-46D0-944A-65EA15B317CE}.x64|x64.ActiveCfg = Debug|Any CPU
		{552DD3D3-694B-46D0-944A-65EA15B317CE}.x64|x64.Build.0 = Debug|Any CPU
		{8513AAAB-322A-404B-BDA6-4F58A2E4129F}.Debug|Any CPU.ActiveCfg = Debug|Any CPU
		{8513AAAB-322A-404B-BDA6-4F58A2E4129F}.Debug|Any CPU.Build.0 = Debug|Any CPU
		{8513AAAB-322A-404B-BDA6-4F58A2E4129F}.Debug|x64.ActiveCfg = Debug|x64
		{8513AAAB-322A-404B-BDA6-4F58A2E4129F}.Debug|x64.Build.0 = Debug|x64
		{8513AAAB-322A-404B-BDA6-4F58A2E4129F}.Release|Any CPU.ActiveCfg = Release|Any CPU
		{8513AAAB-322A-404B-BDA6-4F58A2E4129F}.Release|Any CPU.Build.0 = Release|Any CPU
		{8513AAAB-322A-404B-BDA6-4F58A2E4129F}.Release|x64.ActiveCfg = Release|x64
		{8513AAAB-322A-404B-BDA6-4F58A2E4129F}.Release|x64.Build.0 = Release|x64
		{8513AAAB-322A-404B-BDA6-4F58A2E4129F}.x64|Any CPU.ActiveCfg = x64|Any CPU
		{8513AAAB-322A-404B-BDA6-4F58A2E4129F}.x64|Any CPU.Build.0 = x64|Any CPU
		{8513AAAB-322A-404B-BDA6-4F58A2E4129F}.x64|x64.ActiveCfg = x64|x64
		{8513AAAB-322A-404B-BDA6-4F58A2E4129F}.x64|x64.Build.0 = x64|x64
	EndGlobalSection
	GlobalSection(SolutionProperties) = preSolution
		HideSolutionNode = FALSE
	EndGlobalSection
	GlobalSection(ExtensibilityGlobals) = postSolution
		SolutionGuid = {C34F12D7-C4D9-402A-8D00-097CB0C8D628}
	EndGlobalSection
EndGlobal
